// !$*UTF8*$!
{
	archiveVersion = 1;
	classes = {
	};
	objectVersion = 50;
	objects = {

/* Begin PBXBuildFile section */
		5A0AA3BE251913D700277114 /* AppDelegate.swift in Sources */ = {isa = PBXBuildFile; fileRef = 5A0AA3BD251913D700277114 /* AppDelegate.swift */; };
		5A0AA3C0251913D700277114 /* SceneDelegate.swift in Sources */ = {isa = PBXBuildFile; fileRef = 5A0AA3BF251913D700277114 /* SceneDelegate.swift */; };
		5A0AA3C2251913D700277114 /* ViewController.swift in Sources */ = {isa = PBXBuildFile; fileRef = 5A0AA3C1251913D700277114 /* ViewController.swift */; };
		5A0AA3C5251913D700277114 /* Main.storyboard in Resources */ = {isa = PBXBuildFile; fileRef = 5A0AA3C3251913D700277114 /* Main.storyboard */; };
		5A0AA3C7251913DA00277114 /* Assets.xcassets in Resources */ = {isa = PBXBuildFile; fileRef = 5A0AA3C6251913DA00277114 /* Assets.xcassets */; };
		5A0AA3CA251913DA00277114 /* LaunchScreen.storyboard in Resources */ = {isa = PBXBuildFile; fileRef = 5A0AA3C8251913DA00277114 /* LaunchScreen.storyboard */; };
		5A0AA3D5251913DA00277114 /* GiphyAppTests.swift in Sources */ = {isa = PBXBuildFile; fileRef = 5A0AA3D4251913DA00277114 /* GiphyAppTests.swift */; };
		5A0AA3E0251913DA00277114 /* GiphyAppUITests.swift in Sources */ = {isa = PBXBuildFile; fileRef = 5A0AA3DF251913DA00277114 /* GiphyAppUITests.swift */; };
/* End PBXBuildFile section */

/* Begin PBXContainerItemProxy section */
		5A0AA3D1251913DA00277114 /* PBXContainerItemProxy */ = {
			isa = PBXContainerItemProxy;
			containerPortal = 5A0AA3B2251913D700277114 /* Project object */;
			proxyType = 1;
			remoteGlobalIDString = 5A0AA3B9251913D700277114;
			remoteInfo = GiphyApp;
		};
		5A0AA3DC251913DA00277114 /* PBXContainerItemProxy */ = {
			isa = PBXContainerItemProxy;
			containerPortal = 5A0AA3B2251913D700277114 /* Project object */;
			proxyType = 1;
			remoteGlobalIDString = 5A0AA3B9251913D700277114;
			remoteInfo = GiphyApp;
		};
/* End PBXContainerItemProxy section */

/* Begin PBXFileReference section */
		5A0AA3BA251913D700277114 /* GiphyApp.app */ = {isa = PBXFileReference; explicitFileType = wrapper.application; includeInIndex = 0; path = GiphyApp.app; sourceTree = BUILT_PRODUCTS_DIR; };
		5A0AA3BD251913D700277114 /* AppDelegate.swift */ = {isa = PBXFileReference; lastKnownFileType = sourcecode.swift; path = AppDelegate.swift; sourceTree = "<group>"; };
		5A0AA3BF251913D700277114 /* SceneDelegate.swift */ = {isa = PBXFileReference; lastKnownFileType = sourcecode.swift; path = SceneDelegate.swift; sourceTree = "<group>"; };
		5A0AA3C1251913D700277114 /* ViewController.swift */ = {isa = PBXFileReference; lastKnownFileType = sourcecode.swift; path = ViewController.swift; sourceTree = "<group>"; };
		5A0AA3C4251913D700277114 /* Base */ = {isa = PBXFileReference; lastKnownFileType = file.storyboard; name = Base; path = Base.lproj/Main.storyboard; sourceTree = "<group>"; };
		5A0AA3C6251913DA00277114 /* Assets.xcassets */ = {isa = PBXFileReference; lastKnownFileType = folder.assetcatalog; path = Assets.xcassets; sourceTree = "<group>"; };
		5A0AA3C9251913DA00277114 /* Base */ = {isa = PBXFileReference; lastKnownFileType = file.storyboard; name = Base; path = Base.lproj/LaunchScreen.storyboard; sourceTree = "<group>"; };
		5A0AA3CB251913DA00277114 /* Info.plist */ = {isa = PBXFileReference; lastKnownFileType = text.plist.xml; path = Info.plist; sourceTree = "<group>"; };
		5A0AA3D0251913DA00277114 /* GiphyAppTests.xctest */ = {isa = PBXFileReference; explicitFileType = wrapper.cfbundle; includeInIndex = 0; path = GiphyAppTests.xctest; sourceTree = BUILT_PRODUCTS_DIR; };
		5A0AA3D4251913DA00277114 /* GiphyAppTests.swift */ = {isa = PBXFileReference; lastKnownFileType = sourcecode.swift; path = GiphyAppTests.swift; sourceTree = "<group>"; };
		5A0AA3D6251913DA00277114 /* Info.plist */ = {isa = PBXFileReference; lastKnownFileType = text.plist.xml; path = Info.plist; sourceTree = "<group>"; };
		5A0AA3DB251913DA00277114 /* GiphyAppUITests.xctest */ = {isa = PBXFileReference; explicitFileType = wrapper.cfbundle; includeInIndex = 0; path = GiphyAppUITests.xctest; sourceTree = BUILT_PRODUCTS_DIR; };
		5A0AA3DF251913DA00277114 /* GiphyAppUITests.swift */ = {isa = PBXFileReference; lastKnownFileType = sourcecode.swift; path = GiphyAppUITests.swift; sourceTree = "<group>"; };
		5A0AA3E1251913DA00277114 /* Info.plist */ = {isa = PBXFileReference; lastKnownFileType = text.plist.xml; path = Info.plist; sourceTree = "<group>"; };
/* End PBXFileReference section */

/* Begin PBXFrameworksBuildPhase section */
		5A0AA3B7251913D700277114 /* Frameworks */ = {
			isa = PBXFrameworksBuildPhase;
			buildActionMask = 2147483647;
			files = (
			);
			runOnlyForDeploymentPostprocessing = 0;
		};
		5A0AA3CD251913DA00277114 /* Frameworks */ = {
			isa = PBXFrameworksBuildPhase;
			buildActionMask = 2147483647;
			files = (
			);
			runOnlyForDeploymentPostprocessing = 0;
		};
		5A0AA3D8251913DA00277114 /* Frameworks */ = {
			isa = PBXFrameworksBuildPhase;
			buildActionMask = 2147483647;
			files = (
			);
			runOnlyForDeploymentPostprocessing = 0;
		};
/* End PBXFrameworksBuildPhase section */

/* Begin PBXGroup section */
		5A0AA3B1251913D700277114 = {
			isa = PBXGroup;
			children = (
				5A0AA3BC251913D700277114 /* GiphyApp */,
				5A0AA3D3251913DA00277114 /* GiphyAppTests */,
				5A0AA3DE251913DA00277114 /* GiphyAppUITests */,
				5A0AA3BB251913D700277114 /* Products */,
			);
			sourceTree = "<group>";
		};
		5A0AA3BB251913D700277114 /* Products */ = {
			isa = PBXGroup;
			children = (
				5A0AA3BA251913D700277114 /* GiphyApp.app */,
				5A0AA3D0251913DA00277114 /* GiphyAppTests.xctest */,
				5A0AA3DB251913DA00277114 /* GiphyAppUITests.xctest */,
			);
			name = Products;
			sourceTree = "<group>";
		};
		5A0AA3BC251913D700277114 /* GiphyApp */ = {
			isa = PBXGroup;
			children = (
				5A0AA3BD251913D700277114 /* AppDelegate.swift */,
				5A0AA3BF251913D700277114 /* SceneDelegate.swift */,
				5A0AA3C1251913D700277114 /* ViewController.swift */,
				5A0AA3C3251913D700277114 /* Main.storyboard */,
				5A0AA3C6251913DA00277114 /* Assets.xcassets */,
				5A0AA3C8251913DA00277114 /* LaunchScreen.storyboard */,
				5A0AA3CB251913DA00277114 /* Info.plist */,
			);
			path = GiphyApp;
			sourceTree = "<group>";
		};
		5A0AA3D3251913DA00277114 /* GiphyAppTests */ = {
			isa = PBXGroup;
			children = (
				5A0AA3D4251913DA00277114 /* GiphyAppTests.swift */,
				5A0AA3D6251913DA00277114 /* Info.plist */,
			);
			path = GiphyAppTests;
			sourceTree = "<group>";
		};
		5A0AA3DE251913DA00277114 /* GiphyAppUITests */ = {
			isa = PBXGroup;
			children = (
				5A0AA3DF251913DA00277114 /* GiphyAppUITests.swift */,
				5A0AA3E1251913DA00277114 /* Info.plist */,
			);
			path = GiphyAppUITests;
			sourceTree = "<group>";
		};
/* End PBXGroup section */

/* Begin PBXNativeTarget section */
		5A0AA3B9251913D700277114 /* GiphyApp */ = {
			isa = PBXNativeTarget;
			buildConfigurationList = 5A0AA3E4251913DA00277114 /* Build configuration list for PBXNativeTarget "GiphyApp" */;
			buildPhases = (
				5A0AA3B6251913D700277114 /* Sources */,
				5A0AA3B7251913D700277114 /* Frameworks */,
				5A0AA3B8251913D700277114 /* Resources */,
			);
			buildRules = (
			);
			dependencies = (
			);
			name = GiphyApp;
			productName = GiphyApp;
			productReference = 5A0AA3BA251913D700277114 /* GiphyApp.app */;
			productType = "com.apple.product-type.application";
		};
		5A0AA3CF251913DA00277114 /* GiphyAppTests */ = {
			isa = PBXNativeTarget;
			buildConfigurationList = 5A0AA3E7251913DA00277114 /* Build configuration list for PBXNativeTarget "GiphyAppTests" */;
			buildPhases = (
				5A0AA3CC251913DA00277114 /* Sources */,
				5A0AA3CD251913DA00277114 /* Frameworks */,
				5A0AA3CE251913DA00277114 /* Resources */,
			);
			buildRules = (
			);
			dependencies = (
				5A0AA3D2251913DA00277114 /* PBXTargetDependency */,
			);
			name = GiphyAppTests;
			productName = GiphyAppTests;
			productReference = 5A0AA3D0251913DA00277114 /* GiphyAppTests.xctest */;
			productType = "com.apple.product-type.bundle.unit-test";
		};
		5A0AA3DA251913DA00277114 /* GiphyAppUITests */ = {
			isa = PBXNativeTarget;
			buildConfigurationList = 5A0AA3EA251913DA00277114 /* Build configuration list for PBXNativeTarget "GiphyAppUITests" */;
			buildPhases = (
				5A0AA3D7251913DA00277114 /* Sources */,
				5A0AA3D8251913DA00277114 /* Frameworks */,
				5A0AA3D9251913DA00277114 /* Resources */,
			);
			buildRules = (
			);
			dependencies = (
				5A0AA3DD251913DA00277114 /* PBXTargetDependency */,
			);
			name = GiphyAppUITests;
			productName = GiphyAppUITests;
			productReference = 5A0AA3DB251913DA00277114 /* GiphyAppUITests.xctest */;
			productType = "com.apple.product-type.bundle.ui-testing";
		};
/* End PBXNativeTarget section */

/* Begin PBXProject section */
		5A0AA3B2251913D700277114 /* Project object */ = {
			isa = PBXProject;
			attributes = {
				LastSwiftUpdateCheck = 1160;
				LastUpgradeCheck = 1160;
				ORGANIZATIONNAME = jason;
				TargetAttributes = {
					5A0AA3B9251913D700277114 = {
						CreatedOnToolsVersion = 11.6;
					};
					5A0AA3CF251913DA00277114 = {
						CreatedOnToolsVersion = 11.6;
						TestTargetID = 5A0AA3B9251913D700277114;
					};
					5A0AA3DA251913DA00277114 = {
						CreatedOnToolsVersion = 11.6;
						TestTargetID = 5A0AA3B9251913D700277114;
					};
				};
			};
			buildConfigurationList = 5A0AA3B5251913D700277114 /* Build configuration list for PBXProject "GiphyApp" */;
			compatibilityVersion = "Xcode 9.3";
			developmentRegion = en;
			hasScannedForEncodings = 0;
			knownRegions = (
				en,
				Base,
			);
			mainGroup = 5A0AA3B1251913D700277114;
			productRefGroup = 5A0AA3BB251913D700277114 /* Products */;
			projectDirPath = "";
			projectRoot = "";
			targets = (
				5A0AA3B9251913D700277114 /* GiphyApp */,
				5A0AA3CF251913DA00277114 /* GiphyAppTests */,
				5A0AA3DA251913DA00277114 /* GiphyAppUITests */,
			);
		};
/* End PBXProject section */

/* Begin PBXResourcesBuildPhase section */
		5A0AA3B8251913D700277114 /* Resources */ = {
			isa = PBXResourcesBuildPhase;
			buildActionMask = 2147483647;
			files = (
				5A0AA3CA251913DA00277114 /* LaunchScreen.storyboard in Resources */,
				5A0AA3C7251913DA00277114 /* Assets.xcassets in Resources */,
				5A0AA3C5251913D700277114 /* Main.storyboard in Resources */,
			);
			runOnlyForDeploymentPostprocessing = 0;
		};
		5A0AA3CE251913DA00277114 /* Resources */ = {
			isa = PBXResourcesBuildPhase;
			buildActionMask = 2147483647;
			files = (
			);
			runOnlyForDeploymentPostprocessing = 0;
		};
		5A0AA3D9251913DA00277114 /* Resources */ = {
			isa = PBXResourcesBuildPhase;
			buildActionMask = 2147483647;
			files = (
			);
			runOnlyForDeploymentPostprocessing = 0;
		};
/* End PBXResourcesBuildPhase section */

/* Begin PBXSourcesBuildPhase section */
		5A0AA3B6251913D700277114 /* Sources */ = {
			isa = PBXSourcesBuildPhase;
			buildActionMask = 2147483647;
			files = (
				5A0AA3C2251913D700277114 /* ViewController.swift in Sources */,
				5A0AA3BE251913D700277114 /* AppDelegate.swift in Sources */,
				5A0AA3C0251913D700277114 /* SceneDelegate.swift in Sources */,
			);
			runOnlyForDeploymentPostprocessing = 0;
		};
		5A0AA3CC251913DA00277114 /* Sources */ = {
			isa = PBXSourcesBuildPhase;
			buildActionMask = 2147483647;
			files = (
				5A0AA3D5251913DA00277114 /* GiphyAppTests.swift in Sources */,
			);
			runOnlyForDeploymentPostprocessing = 0;
		};
		5A0AA3D7251913DA00277114 /* Sources */ = {
			isa = PBXSourcesBuildPhase;
			buildActionMask = 2147483647;
			files = (
				5A0AA3E0251913DA00277114 /* GiphyAppUITests.swift in Sources */,
			);
			runOnlyForDeploymentPostprocessing = 0;
		};
/* End PBXSourcesBuildPhase section */

/* Begin PBXTargetDependency section */
		5A0AA3D2251913DA00277114 /* PBXTargetDependency */ = {
			isa = PBXTargetDependency;
			target = 5A0AA3B9251913D700277114 /* GiphyApp */;
			targetProxy = 5A0AA3D1251913DA00277114 /* PBXContainerItemProxy */;
		};
		5A0AA3DD251913DA00277114 /* PBXTargetDependency */ = {
			isa = PBXTargetDependency;
			target = 5A0AA3B9251913D700277114 /* GiphyApp */;
			targetProxy = 5A0AA3DC251913DA00277114 /* PBXContainerItemProxy */;
		};
/* End PBXTargetDependency section */

/* Begin PBXVariantGroup section */
		5A0AA3C3251913D700277114 /* Main.storyboard */ = {
			isa = PBXVariantGroup;
			children = (
				5A0AA3C4251913D700277114 /* Base */,
			);
			name = Main.storyboard;
			sourceTree = "<group>";
		};
		5A0AA3C8251913DA00277114 /* LaunchScreen.storyboard */ = {
			isa = PBXVariantGroup;
			children = (
				5A0AA3C9251913DA00277114 /* Base */,
			);
			name = LaunchScreen.storyboard;
			sourceTree = "<group>";
		};
/* End PBXVariantGroup section */

/* Begin XCBuildConfiguration section */
		5A0AA3E2251913DA00277114 /* Debug */ = {
			isa = XCBuildConfiguration;
			buildSettings = {
				ALWAYS_SEARCH_USER_PATHS = NO;
				CLANG_ANALYZER_NONNULL = YES;
				CLANG_ANALYZER_NUMBER_OBJECT_CONVERSION = YES_AGGRESSIVE;
				CLANG_CXX_LANGUAGE_STANDARD = "gnu++14";
				CLANG_CXX_LIBRARY = "libc++";
				CLANG_ENABLE_MODULES = YES;
				CLANG_ENABLE_OBJC_ARC = YES;
				CLANG_ENABLE_OBJC_WEAK = YES;
				CLANG_WARN_BLOCK_CAPTURE_AUTORELEASING = YES;
				CLANG_WARN_BOOL_CONVERSION = YES;
				CLANG_WARN_COMMA = YES;
				CLANG_WARN_CONSTANT_CONVERSION = YES;
				CLANG_WARN_DEPRECATED_OBJC_IMPLEMENTATIONS = YES;
				CLANG_WARN_DIRECT_OBJC_ISA_USAGE = YES_ERROR;
				CLANG_WARN_DOCUMENTATION_COMMENTS = YES;
				CLANG_WARN_EMPTY_BODY = YES;
				CLANG_WARN_ENUM_CONVERSION = YES;
				CLANG_WARN_INFINITE_RECURSION = YES;
				CLANG_WARN_INT_CONVERSION = YES;
				CLANG_WARN_NON_LITERAL_NULL_CONVERSION = YES;
				CLANG_WARN_OBJC_IMPLICIT_RETAIN_SELF = YES;
				CLANG_WARN_OBJC_LITERAL_CONVERSION = YES;
				CLANG_WARN_OBJC_ROOT_CLASS = YES_ERROR;
				CLANG_WARN_RANGE_LOOP_ANALYSIS = YES;
				CLANG_WARN_STRICT_PROTOTYPES = YES;
				CLANG_WARN_SUSPICIOUS_MOVE = YES;
				CLANG_WARN_UNGUARDED_AVAILABILITY = YES_AGGRESSIVE;
				CLANG_WARN_UNREACHABLE_CODE = YES;
				CLANG_WARN__DUPLICATE_METHOD_MATCH = YES;
				COPY_PHASE_STRIP = NO;
				DEBUG_INFORMATION_FORMAT = dwarf;
				ENABLE_STRICT_OBJC_MSGSEND = YES;
				ENABLE_TESTABILITY = YES;
				GCC_C_LANGUAGE_STANDARD = gnu11;
				GCC_DYNAMIC_NO_PIC = NO;
				GCC_NO_COMMON_BLOCKS = YES;
				GCC_OPTIMIZATION_LEVEL = 0;
				GCC_PREPROCESSOR_DEFINITIONS = (
					"DEBUG=1",
					"$(inherited)",
				);
				GCC_WARN_64_TO_32_BIT_CONVERSION = YES;
				GCC_WARN_ABOUT_RETURN_TYPE = YES_ERROR;
				GCC_WARN_UNDECLARED_SELECTOR = YES;
				GCC_WARN_UNINITIALIZED_AUTOS = YES_AGGRESSIVE;
				GCC_WARN_UNUSED_FUNCTION = YES;
				GCC_WARN_UNUSED_VARIABLE = YES;
				IPHONEOS_DEPLOYMENT_TARGET = 13.6;
				MTL_ENABLE_DEBUG_INFO = INCLUDE_SOURCE;
				MTL_FAST_MATH = YES;
				ONLY_ACTIVE_ARCH = YES;
				SDKROOT = iphoneos;
				SWIFT_ACTIVE_COMPILATION_CONDITIONS = DEBUG;
				SWIFT_OPTIMIZATION_LEVEL = "-Onone";
			};
			name = Debug;
		};
		5A0AA3E3251913DA00277114 /* Release */ = {
			isa = XCBuildConfiguration;
			buildSettings = {
				ALWAYS_SEARCH_USER_PATHS = NO;
				CLANG_ANALYZER_NONNULL = YES;
				CLANG_ANALYZER_NUMBER_OBJECT_CONVERSION = YES_AGGRESSIVE;
				CLANG_CXX_LANGUAGE_STANDARD = "gnu++14";
				CLANG_CXX_LIBRARY = "libc++";
				CLANG_ENABLE_MODULES = YES;
				CLANG_ENABLE_OBJC_ARC = YES;
				CLANG_ENABLE_OBJC_WEAK = YES;
				CLANG_WARN_BLOCK_CAPTURE_AUTORELEASING = YES;
				CLANG_WARN_BOOL_CONVERSION = YES;
				CLANG_WARN_COMMA = YES;
				CLANG_WARN_CONSTANT_CONVERSION = YES;
				CLANG_WARN_DEPRECATED_OBJC_IMPLEMENTATIONS = YES;
				CLANG_WARN_DIRECT_OBJC_ISA_USAGE = YES_ERROR;
				CLANG_WARN_DOCUMENTATION_COMMENTS = YES;
				CLANG_WARN_EMPTY_BODY = YES;
				CLANG_WARN_ENUM_CONVERSION = YES;
				CLANG_WARN_INFINITE_RECURSION = YES;
				CLANG_WARN_INT_CONVERSION = YES;
				CLANG_WARN_NON_LITERAL_NULL_CONVERSION = YES;
				CLANG_WARN_OBJC_IMPLICIT_RETAIN_SELF = YES;
				CLANG_WARN_OBJC_LITERAL_CONVERSION = YES;
				CLANG_WARN_OBJC_ROOT_CLASS = YES_ERROR;
				CLANG_WARN_RANGE_LOOP_ANALYSIS = YES;
				CLANG_WARN_STRICT_PROTOTYPES = YES;
				CLANG_WARN_SUSPICIOUS_MOVE = YES;
				CLANG_WARN_UNGUARDED_AVAILABILITY = YES_AGGRESSIVE;
				CLANG_WARN_UNREACHABLE_CODE = YES;
				CLANG_WARN__DUPLICATE_METHOD_MATCH = YES;
				COPY_PHASE_STRIP = NO;
				DEBUG_INFORMATION_FORMAT = "dwarf-with-dsym";
				ENABLE_NS_ASSERTIONS = NO;
				ENABLE_STRICT_OBJC_MSGSEND = YES;
				GCC_C_LANGUAGE_STANDARD = gnu11;
				GCC_NO_COMMON_BLOCKS = YES;
				GCC_WARN_64_TO_32_BIT_CONVERSION = YES;
				GCC_WARN_ABOUT_RETURN_TYPE = YES_ERROR;
				GCC_WARN_UNDECLARED_SELECTOR = YES;
				GCC_WARN_UNINITIALIZED_AUTOS = YES_AGGRESSIVE;
				GCC_WARN_UNUSED_FUNCTION = YES;
				GCC_WARN_UNUSED_VARIABLE = YES;
				IPHONEOS_DEPLOYMENT_TARGET = 13.6;
				MTL_ENABLE_DEBUG_INFO = NO;
				MTL_FAST_MATH = YES;
				SDKROOT = iphoneos;
				SWIFT_COMPILATION_MODE = wholemodule;
				SWIFT_OPTIMIZATION_LEVEL = "-O";
				VALIDATE_PRODUCT = YES;
			};
			name = Release;
		};
		5A0AA3E5251913DA00277114 /* Debug */ = {
			isa = XCBuildConfiguration;
			buildSettings = {
				ASSETCATALOG_COMPILER_APPICON_NAME = AppIcon;
				CODE_SIGN_STYLE = Automatic;
				DEVELOPMENT_TEAM = NXRYTWY76F;
				INFOPLIST_FILE = GiphyApp/Info.plist;
				LD_RUNPATH_SEARCH_PATHS = (
					"$(inherited)",
					"@executable_path/Frameworks",
				);
				PRODUCT_BUNDLE_IDENTIFIER = kr.co.ajou.GiphyApp;
				PRODUCT_NAME = "$(TARGET_NAME)";
				SWIFT_VERSION = 5.0;
				TARGETED_DEVICE_FAMILY = "1,2";
			};
			name = Debug;
		};
		5A0AA3E6251913DA00277114 /* Release */ = {
			isa = XCBuildConfiguration;
			buildSettings = {
				ASSETCATALOG_COMPILER_APPICON_NAME = AppIcon;
				CODE_SIGN_STYLE = Automatic;
				DEVELOPMENT_TEAM = NXRYTWY76F;
				INFOPLIST_FILE = GiphyApp/Info.plist;
				LD_RUNPATH_SEARCH_PATHS = (
					"$(inherited)",
					"@executable_path/Frameworks",
				);
				PRODUCT_BUNDLE_IDENTIFIER = kr.co.ajou.GiphyApp;
				PRODUCT_NAME = "$(TARGET_NAME)";
				SWIFT_VERSION = 5.0;
				TARGETED_DEVICE_FAMILY = "1,2";
			};
			name = Release;
		};
		5A0AA3E8251913DA00277114 /* Debug */ = {
			isa = XCBuildConfiguration;
			buildSettings = {
				ALWAYS_EMBED_SWIFT_STANDARD_LIBRARIES = YES;
				BUNDLE_LOADER = "$(TEST_HOST)";
				CODE_SIGN_STYLE = Automatic;
				DEVELOPMENT_TEAM = NXRYTWY76F;
				INFOPLIST_FILE = GiphyAppTests/Info.plist;
				IPHONEOS_DEPLOYMENT_TARGET = 13.6;
				LD_RUNPATH_SEARCH_PATHS = (
					"$(inherited)",
					"@executable_path/Frameworks",
					"@loader_path/Frameworks",
				);
				PRODUCT_BUNDLE_IDENTIFIER = kr.co.ajou.GiphyAppTests;
				PRODUCT_NAME = "$(TARGET_NAME)";
				SWIFT_VERSION = 5.0;
				TARGETED_DEVICE_FAMILY = "1,2";
				TEST_HOST = "$(BUILT_PRODUCTS_DIR)/GiphyApp.app/GiphyApp";
			};
			name = Debug;
		};
		5A0AA3E9251913DA00277114 /* Release */ = {
			isa = XCBuildConfiguration;
			buildSettings = {
				ALWAYS_EMBED_SWIFT_STANDARD_LIBRARIES = YES;
				BUNDLE_LOADER = "$(TEST_HOST)";
				CODE_SIGN_STYLE = Automatic;
				DEVELOPMENT_TEAM = NXRYTWY76F;
				INFOPLIST_FILE = GiphyAppTests/Info.plist;
				IPHONEOS_DEPLOYMENT_TARGET = 13.6;
				LD_RUNPATH_SEARCH_PATHS = (
					"$(inherited)",
					"@executable_path/Frameworks",
					"@loader_path/Frameworks",
				);
				PRODUCT_BUNDLE_IDENTIFIER = kr.co.ajou.GiphyAppTests;
				PRODUCT_NAME = "$(TARGET_NAME)";
				SWIFT_VERSION = 5.0;
				TARGETED_DEVICE_FAMILY = "1,2";
				TEST_HOST = "$(BUILT_PRODUCTS_DIR)/GiphyApp.app/GiphyApp";
			};
			name = Release;
		};
		5A0AA3EB251913DA00277114 /* Debug */ = {
			isa = XCBuildConfiguration;
			buildSettings = {
				ALWAYS_EMBED_SWIFT_STANDARD_LIBRARIES = YES;
				CODE_SIGN_STYLE = Automatic;
				DEVELOPMENT_TEAM = NXRYTWY76F;
				INFOPLIST_FILE = GiphyAppUITests/Info.plist;
				LD_RUNPATH_SEARCH_PATHS = (
					"$(inherited)",
					"@executable_path/Frameworks",
					"@loader_path/Frameworks",
				);
				PRODUCT_BUNDLE_IDENTIFIER = kr.co.ajou.GiphyAppUITests;
				PRODUCT_NAME = "$(TARGET_NAME)";
				SWIFT_VERSION = 5.0;
				TARGETED_DEVICE_FAMILY = "1,2";
				TEST_TARGET_NAME = GiphyApp;
			};
			name = Debug;
		};
		5A0AA3EC251913DA00277114 /* Release */ = {
			isa = XCBuildConfiguration;
			buildSettings = {
				ALWAYS_EMBED_SWIFT_STANDARD_LIBRARIES = YES;
				CODE_SIGN_STYLE = Automatic;
				DEVELOPMENT_TEAM = NXRYTWY76F;
				INFOPLIST_FILE = GiphyAppUITests/Info.plist;
				LD_RUNPATH_SEARCH_PATHS = (
					"$(inherited)",
					"@executable_path/Frameworks",
					"@loader_path/Frameworks",
				);
				PRODUCT_BUNDLE_IDENTIFIER = kr.co.ajou.GiphyAppUITests;
				PRODUCT_NAME = "$(TARGET_NAME)";
				SWIFT_VERSION = 5.0;
				TARGETED_DEVICE_FAMILY = "1,2";
				TEST_TARGET_NAME = GiphyApp;
			};
			name = Release;
		};
/* End XCBuildConfiguration section */

/* Begin XCConfigurationList section */
		5A0AA3B5251913D700277114 /* Build configuration list for PBXProject "GiphyApp" */ = {
			isa = XCConfigurationList;
			buildConfigurations = (
				5A0AA3E2251913DA00277114 /* Debug */,
				5A0AA3E3251913DA00277114 /* Release */,
			);
			defaultConfigurationIsVisible = 0;
			defaultConfigurationName = Release;
		};
		5A0AA3E4251913DA00277114 /* Build configuration list for PBXNativeTarget "GiphyApp" */ = {
			isa = XCConfigurationList;
			buildConfigurations = (
				5A0AA3E5251913DA00277114 /* Debug */,
				5A0AA3E6251913DA00277114 /* Release */,
			);
			defaultConfigurationIsVisible = 0;
			defaultConfigurationName = Release;
		};
		5A0AA3E7251913DA00277114 /* Build configuration list for PBXNativeTarget "GiphyAppTests" */ = {
			isa = XCConfigurationList;
			buildConfigurations = (
				5A0AA3E8251913DA00277114 /* Debug */,
				5A0AA3E9251913DA00277114 /* Release */,
			);
			defaultConfigurationIsVisible = 0;
			defaultConfigurationName = Release;
		};
		5A0AA3EA251913DA00277114 /* Build configuration list for PBXNativeTarget "GiphyAppUITests" */ = {
			isa = XCConfigurationList;
			buildConfigurations = (
				5A0AA3EB251913DA00277114 /* Debug */,
				5A0AA3EC251913DA00277114 /* Release */,
			);
			defaultConfigurationIsVisible = 0;
			defaultConfigurationName = Release;
		};
/* End XCConfigurationList section */
	};
	rootObject = 5A0AA3B2251913D700277114 /* Project object */;
}
